
Microsoft Visual Studio Solution File, Format Version 12.00
# Visual Studio Version 17
VisualStudioVersion = 17.2.32516.85
MinimumVisualStudioVersion = 10.0.40219.1
Project("{FAE04EC0-301F-11D3-BF4B-00C04F79EFBC}") = "Parabola", "Parabola.csproj", "{C4AAA148-EF44-402B-B875-91B96B296C02}"
EndProject
Global
	GlobalSection(SolutionConfigurationPlatforms) = preSolution
		Debug|Any CPU = Debug|Any CPU
		Release|Any CPU = Release|Any CPU
	EndGlobalSection
	GlobalSection(ProjectConfigurationPlatforms) = postSolution
		{C4AAA148-EF44-402B-B875-91B96B296C02}.Debug|Any CPU.ActiveCfg = Debug|Any CPU
		{C4AAA148-EF44-402B-B875-91B96B296C02}.Debug|Any CPU.Build.0 = Debug|Any CPU
		{C4AAA148-EF44-402B-B875-91B96B296C02}.Release|Any CPU.ActiveCfg = Release|Any CPU
		{C4AAA148-EF44-402B-B875-91B96B296C02}.Release|Any CPU.Build.0 = Release|Any CPU
	EndGlobalSection
	GlobalSection(SolutionProperties) = preSolution
		HideSolutionNode = FALSE
	EndGlobalSection
	GlobalSection(ExtensibilityGlobals) = postSolution
		SolutionGuid = {92F62260-F164-4BCB-AC1E-FE8140D9879F}
	EndGlobalSection
EndGlobal
